
Microsoft Visual Studio Solution File, Format Version 12.00
# Visual Studio Version 17
VisualStudioVersion = 17.1.32421.90
MinimumVisualStudioVersion = 10.0.40219.1
Project("{FAE04EC0-301F-11D3-BF4B-00C04F79EFBC}") = "es01", "es01.csproj", "{29A91250-F33D-4258-80B0-415B2FB35FB5}"
EndProject
Global
	GlobalSection(SolutionConfigurationPlatforms) = preSolution
		Debug|Any CPU = Debug|Any CPU
		Release|Any CPU = Release|Any CPU
	EndGlobalSection
	GlobalSection(ProjectConfigurationPlatforms) = postSolution
		{29A91250-F33D-4258-80B0-415B2FB35FB5}.Debug|Any CPU.ActiveCfg = Debug|Any CPU
		{29A91250-F33D-4258-80B0-415B2FB35FB5}.Debug|Any CPU.Build.0 = Debug|Any CPU
		{29A91250-F33D-4258-80B0-415B2FB35FB5}.Release|Any CPU.ActiveCfg = Release|Any CPU
		{29A91250-F33D-4258-80B0-415B2FB35FB5}.Release|Any CPU.Build.0 = Release|Any CPU
	EndGlobalSection
	GlobalSection(SolutionProperties) = preSolution
		HideSolutionNode = FALSE
	EndGlobalSection
	GlobalSection(ExtensibilityGlobals) = postSolution
		SolutionGuid = {175154D2-A70D-45FB-BF9C-5C8D1087D7F1}
	EndGlobalSection
EndGlobal
